
Microsoft Visual Studio Solution File, Format Version 12.00
# Visual Studio Version 17
VisualStudioVersion = 17.5.002.0
MinimumVisualStudioVersion = 10.0.40219.1
Project("{9A19103F-16F7-4668-BE54-9A1E7A4F7556}") = "library", "library\library.csproj", "{7CD704BE-EB75-47EA-A356-38DB714F9DAE}"
EndProject
Project("{9A19103F-16F7-4668-BE54-9A1E7A4F7556}") = "MainApp", "MainApp\MainApp.csproj", "{694731E9-27E9-42B6-B314-975194D193DE}"
EndProject
Global
	GlobalSection(SolutionConfigurationPlatforms) = preSolution
		Debug|Any CPU = Debug|Any CPU
		Release|Any CPU = Release|Any CPU
	EndGlobalSection
	GlobalSection(ProjectConfigurationPlatforms) = postSolution
		{7CD704BE-EB75-47EA-A356-38DB714F9DAE}.Debug|Any CPU.ActiveCfg = Debug|Any CPU
		{7CD704BE-EB75-47EA-A356-38DB714F9DAE}.Debug|Any CPU.Build.0 = Debug|Any CPU
		{7CD704BE-EB75-47EA-A356-38DB714F9DAE}.Release|Any CPU.ActiveCfg = Release|Any CPU
		{7CD704BE-EB75-47EA-A356-38DB714F9DAE}.Release|Any CPU.Build.0 = Release|Any CPU
		{694731E9-27E9-42B6-B314-975194D193DE}.Debug|Any CPU.ActiveCfg = Debug|Any CPU
		{694731E9-27E9-42B6-B314-975194D193DE}.Debug|Any CPU.Build.0 = Debug|Any CPU
		{694731E9-27E9-42B6-B314-975194D193DE}.Release|Any CPU.ActiveCfg = Release|Any CPU
		{694731E9-27E9-42B6-B314-975194D193DE}.Release|Any CPU.Build.0 = Release|Any CPU
	EndGlobalSection
	GlobalSection(SolutionProperties) = preSolution
		HideSolutionNode = FALSE
	EndGlobalSection
	GlobalSection(ExtensibilityGlobals) = postSolution
		SolutionGuid = {7C96666C-B7E4-43E4-BE92-9265B5406841}
	EndGlobalSection
EndGlobal
